
Microsoft Visual Studio Solution File, Format Version 12.00
# Visual Studio Version 17
VisualStudioVersion = 17.8.34330.188
MinimumVisualStudioVersion = 10.0.40219.1
Project("{FAE04EC0-301F-11D3-BF4B-00C04F79EFBC}") = "ToDoList", "ToDoList\ToDoList.csproj", "{D8B89D07-D136-4D3F-A8BB-C90556BCBCB7}"
EndProject
Project("{2150E333-8FDC-42A3-9474-1A3956D46DE8}") = "Domain", "Domain", "{0C1B35A9-6400-4E12-839E-B3ACCEE2C9A8}"
EndProject
Project("{FAE04EC0-301F-11D3-BF4B-00C04F79EFBC}") = "ToDoList.Domain", "ToDoList.Domain\ToDoList.Domain.csproj", "{08655B76-64DF-4DFA-83D4-A00CC8C4041F}"
EndProject
Project("{2150E333-8FDC-42A3-9474-1A3956D46DE8}") = "DAL", "DAL", "{103D5BC4-47B3-4714-A26E-5BF603E149CF}"
EndProject
Project("{FAE04EC0-301F-11D3-BF4B-00C04F79EFBC}") = "ToDoList.DAL", "ToDoList.DAL\ToDoList.DAL.csproj", "{9F4CE6B8-6601-409F-8063-B087EFBEC038}"
EndProject
Global
	GlobalSection(SolutionConfigurationPlatforms) = preSolution
		Debug|Any CPU = Debug|Any CPU
		Release|Any CPU = Release|Any CPU
	EndGlobalSection
	GlobalSection(ProjectConfigurationPlatforms) = postSolution
		{D8B89D07-D136-4D3F-A8BB-C90556BCBCB7}.Debug|Any CPU.ActiveCfg = Debug|Any CPU
		{D8B89D07-D136-4D3F-A8BB-C90556BCBCB7}.Debug|Any CPU.Build.0 = Debug|Any CPU
		{D8B89D07-D136-4D3F-A8BB-C90556BCBCB7}.Release|Any CPU.ActiveCfg = Release|Any CPU
		{D8B89D07-D136-4D3F-A8BB-C90556BCBCB7}.Release|Any CPU.Build.0 = Release|Any CPU
		{08655B76-64DF-4DFA-83D4-A00CC8C4041F}.Debug|Any CPU.ActiveCfg = Debug|Any CPU
		{08655B76-64DF-4DFA-83D4-A00CC8C4041F}.Debug|Any CPU.Build.0 = Debug|Any CPU
		{08655B76-64DF-4DFA-83D4-A00CC8C4041F}.Release|Any CPU.ActiveCfg = Release|Any CPU
		{08655B76-64DF-4DFA-83D4-A00CC8C4041F}.Release|Any CPU.Build.0 = Release|Any CPU
		{9F4CE6B8-6601-409F-8063-B087EFBEC038}.Debug|Any CPU.ActiveCfg = Debug|Any CPU
		{9F4CE6B8-6601-409F-8063-B087EFBEC038}.Debug|Any CPU.Build.0 = Debug|Any CPU
		{9F4CE6B8-6601-409F-8063-B087EFBEC038}.Release|Any CPU.ActiveCfg = Release|Any CPU
		{9F4CE6B8-6601-409F-8063-B087EFBEC038}.Release|Any CPU.Build.0 = Release|Any CPU
	EndGlobalSection
	GlobalSection(SolutionProperties) = preSolution
		HideSolutionNode = FALSE
	EndGlobalSection
	GlobalSection(NestedProjects) = preSolution
		{08655B76-64DF-4DFA-83D4-A00CC8C4041F} = {0C1B35A9-6400-4E12-839E-B3ACCEE2C9A8}
		{9F4CE6B8-6601-409F-8063-B087EFBEC038} = {103D5BC4-47B3-4714-A26E-5BF603E149CF}
	EndGlobalSection
	GlobalSection(ExtensibilityGlobals) = postSolution
		SolutionGuid = {B212206B-5171-4C2B-8BC0-8C971E5404EB}
	EndGlobalSection
EndGlobal
